<?xml version="1.0" encoding="UTF-8" standalone="yes" ?>
<CodeBlocks_project_file>
	<FileVersion major="1" minor="6" />
	<Project>
		<Option title="Ngen.Drawing" />
		<Option pch_mode="2" />
		<Option compiler="gcc" />
		<Option virtualFolders="include\;source\;include\Build\;doc\;shader\;" />
		<Build>
			<Target title="Debug">
				<Option output="../bin/Debug/Ngen.Drawing" prefix_auto="1" extension_auto="1" />
				<Option working_dir="../bin/Debug" />
				<Option object_output="obj/Debug/" />
				<Option type="3" />
				<Option compiler="gcc" />
				<Compiler>
					<Add option="-Wall" />
					<Add option="-std=c++14" />
					<Add option="-g" />
				</Compiler>
				<Linker>
					<Add directory="../bin/Debug" />
				</Linker>
			</Target>
			<Target title="Release">
				<Option output="../bin/Release/Ngen.Drawing" prefix_auto="1" extension_auto="1" />
				<Option working_dir="../bin/Release" />
				<Option object_output="obj/Release/" />
				<Option type="3" />
				<Option compiler="gcc" />
				<Compiler>
					<Add option="-O2" />
					<Add option="-Wall" />
					<Add option="-std=c++14" />
				</Compiler>
				<Linker>
					<Add option="-s" />
					<Add directory="../bin/Release" />
				</Linker>
			</Target>
		</Build>
		<Compiler>
			<Add option="-std=c++14" />
			<Add option="-DNGEN_DRAWING_EXPORT" />
			<Add directory="include" />
			<Add directory="../Ngen.Math/include" />
			<Add directory="../Ngen/include" />
			<Add directory="../external/include" />
		</Compiler>
		<Linker>
			<Add library="Ngen" />
			<Add library="opengl32" />
			<Add library="gdi32" />
			<Add library="glu32" />
			<Add library="Ngen.Math" />
		</Linker>
		<Unit filename="Ngen.Drawing.Canvas.Win32.cpp">
			<Option virtualFolder="source/" />
		</Unit>
		<Unit filename="Ngen.Drawing.GpuProgram.cpp">
			<Option virtualFolder="source/" />
		</Unit>
		<Unit filename="Ngen.Drawing.MeshBuffer.cpp">
			<Option virtualFolder="source/" />
		</Unit>
		<Unit filename="Ngen.Drawing.Shader.cpp">
			<Option virtualFolder="source/" />
		</Unit>
		<Unit filename="Ngen.Drawing.VertexBuffer.cpp">
			<Option virtualFolder="source/" />
		</Unit>
		<Unit filename="Ngen.Drawing.VertexScheme.cpp">
			<Option virtualFolder="source/" />
		</Unit>
		<Unit filename="include/Build.Ngen.Drawing.Logic.hpp">
			<Option virtualFolder="include/Build/" />
		</Unit>
		<Unit filename="include/Ngen.Drawing.Camera.hpp">
			<Option virtualFolder="include/" />
		</Unit>
		<Unit filename="include/Ngen.Drawing.Canvas.hpp">
			<Option virtualFolder="include/" />
		</Unit>
		<Unit filename="include/Ngen.Drawing.CanvasCreationParams.hpp">
			<Option virtualFolder="include/" />
		</Unit>
		<Unit filename="include/Ngen.Drawing.EGraphicBufferUsage.hpp">
			<Option virtualFolder="include/" />
		</Unit>
		<Unit filename="include/Ngen.Drawing.EGraphicDrawMode.hpp">
			<Option virtualFolder="include/" />
		</Unit>
		<Unit filename="include/Ngen.Drawing.EShaderType.hpp">
			<Option virtualFolder="include/" />
		</Unit>
		<Unit filename="include/Ngen.Drawing.EVertexElementType.hpp">
			<Option virtualFolder="include/" />
		</Unit>
		<Unit filename="include/Ngen.Drawing.GpuProgram.hpp">
			<Option virtualFolder="include/" />
		</Unit>
		<Unit filename="include/Ngen.Drawing.GraphicBuffer.hpp">
			<Option virtualFolder="include/" />
		</Unit>
		<Unit filename="include/Ngen.Drawing.Material.hpp">
			<Option virtualFolder="include/" />
		</Unit>
		<Unit filename="include/Ngen.Drawing.MeshBuffer.hpp">
			<Option virtualFolder="include/" />
		</Unit>
		<Unit filename="include/Ngen.Drawing.Shader.hpp">
			<Option virtualFolder="include/" />
		</Unit>
		<Unit filename="include/Ngen.Drawing.Typedefs.hpp">
			<Option virtualFolder="include/" />
		</Unit>
		<Unit filename="include/Ngen.Drawing.VertexBuffer.hpp">
			<Option virtualFolder="include/" />
		</Unit>
		<Unit filename="include/Ngen.Drawing.VertexElement.hpp">
			<Option virtualFolder="include/" />
		</Unit>
		<Unit filename="include/Ngen.Drawing.VertexScheme.hpp">
			<Option virtualFolder="include/" />
		</Unit>
		<Unit filename="include/Ngen.Drawing.hpp">
			<Option virtualFolder="include/" />
		</Unit>
		<Extensions>
			<code_completion />
			<envvars />
			<debugger />
		</Extensions>
	</Project>
</CodeBlocks_project_file>
