<?xml version="1.0" encoding="UTF-8" standalone="yes" ?>
<CodeBlocks_project_file>
	<FileVersion major="1" minor="6" />
	<Project>
		<Option title="Ngen.Math" />
		<Option pch_mode="2" />
		<Option compiler="gcc" />
		<Option virtualFolders="source\;include\;doc\;" />
		<Build>
			<Target title="Debug">
				<Option output="../build/debug/Ngen" prefix_auto="1" extension_auto="1" />
				<Option object_output="obj/Debug/" />
				<Option type="1" />
				<Option compiler="gcc" />
				<Compiler>
					<Add option="-g" />
				</Compiler>
				<Linker>
					<Add directory="../bin/Debug" />
					<Add directory="../external/bin/Debug" />
				</Linker>
			</Target>
			<Target title="Release">
				<Option output="../build/release/Ngen" prefix_auto="1" extension_auto="1" />
				<Option object_output="obj/Release/" />
				<Option type="1" />
				<Option compiler="gcc" />
				<Compiler>
					<Add option="-O2" />
				</Compiler>
				<Linker>
					<Add option="-s" />
					<Add directory="../bin/Release" />
					<Add directory="../external/bin/Release" />
				</Linker>
			</Target>
		</Build>
		<Compiler>
			<Add option="-Wall" />
			<Add option="-std=c++14" />
			<Add option="-fexceptions" />
			<Add option="-DNGEN_MATH_EXPORT" />
			<Add directory="include" />
			<Add directory="../Ngen/include" />
			<Add directory="../external/bin" />
		</Compiler>
		<Linker>
			<Add library="Ngen" />
			<Add directory="../external/bin" />
		</Linker>
		<Unit filename="LICENSE">
			<Option virtualFolder="doc/" />
		</Unit>
		<Unit filename="include/Build.Ngen.Math.Logic.hpp">
			<Option virtualFolder="include/" />
		</Unit>
		<Unit filename="include/Ngen.Math.AABox2D.hpp">
			<Option virtualFolder="include/" />
		</Unit>
		<Unit filename="include/Ngen.Math.AABox3D.hpp">
			<Option virtualFolder="include/" />
		</Unit>
		<Unit filename="include/Ngen.Math.Color.hpp">
			<Option virtualFolder="include/" />
		</Unit>
		<Unit filename="include/Ngen.Math.ColorBox3D.hpp">
			<Option virtualFolder="include/" />
		</Unit>
		<Unit filename="include/Ngen.Math.Line2D.hpp">
			<Option virtualFolder="include/" />
		</Unit>
		<Unit filename="include/Ngen.Math.Line3D.hpp">
			<Option virtualFolder="include/" />
		</Unit>
		<Unit filename="include/Ngen.Math.Matrix3.hpp">
			<Option virtualFolder="include/" />
		</Unit>
		<Unit filename="include/Ngen.Math.Matrix4.hpp">
			<Option virtualFolder="include/" />
		</Unit>
		<Unit filename="include/Ngen.Math.Plane3D.hpp">
			<Option virtualFolder="include/" />
		</Unit>
		<Unit filename="include/Ngen.Math.Ray2D.hpp">
			<Option virtualFolder="include/" />
		</Unit>
		<Unit filename="include/Ngen.Math.Ray3D.hpp">
			<Option virtualFolder="include/" />
		</Unit>
		<Unit filename="include/Ngen.Math.Sphere3D.hpp">
			<Option virtualFolder="include/" />
		</Unit>
		<Unit filename="include/Ngen.Math.Typedefs.hpp">
			<Option virtualFolder="include/" />
		</Unit>
		<Unit filename="include/Ngen.Math.Vector2.hpp">
			<Option virtualFolder="include/" />
		</Unit>
		<Unit filename="include/Ngen.Math.Vector3.hpp">
			<Option virtualFolder="include/" />
		</Unit>
		<Unit filename="include/Ngen.Math.Vector4.hpp">
			<Option virtualFolder="include/" />
		</Unit>
		<Extensions>
			<code_completion />
			<envvars />
			<debugger />
			<lib_finder disable_auto="1" />
		</Extensions>
	</Project>
</CodeBlocks_project_file>
